schema: '2.0'
stages:
  raw_dataset_creation:
    cmd: python src/data/load_data.py --config=params.yaml
    deps:
    - path: data/external/train.csv
      hash: md5
      md5: 83f9c46c6c4e0352f4a0990dd90a83e2
      size: 387900
    - path: src/data/load_data.py
      hash: md5
      md5: 1de1b5780f0f897223d87024bae9c1fa
      size: 1392
    outs:
    - path: data/raw/train.csv
      hash: md5
      md5: f9a94f1874c7c8dc089faa5720da8df5
      size: 120427
  split_data:
    cmd: python src/data/split_data.py --config=params.yaml
    deps:
    - path: data/raw/train.csv
      hash: md5
      md5: f9a94f1874c7c8dc089faa5720da8df5
      size: 120427
    - path: src/data/split_data.py
      hash: md5
      md5: 93734f48178fa7ebcc5030f9d69b8ae6
      size: 1631
    outs:
    - path: data/processed/churn_test.csv
      hash: md5
      md5: 4bae5eb6f79d5fd142d4e78f0769492d
      size: 36200
    - path: data/processed/churn_train.csv
      hash: md5
      md5: 282129227e30dee1895e1621c135467c
      size: 84356
  model_train:
    cmd: python src/models/train_model.py --config=params.yaml
    deps:
    - path: data/processed/churn_test.csv
      hash: md5
      md5: 4bae5eb6f79d5fd142d4e78f0769492d
      size: 36200
    - path: data/processed/churn_train.csv
      hash: md5
      md5: 282129227e30dee1895e1621c135467c
      size: 84356
    - path: src/models/train_model.py
      hash: md5
      md5: 092e08f802bece395b07d5c02ec58ef8
      size: 3908
    params:
      params.yaml:
        random_forest.max_depth: 8
        random_forest.n_estimators: 250
  log_production_model:
    cmd: python src/models/production_model_selection.py --config=params.yaml
    deps:
    - path: src/models/production_model_selection.py
      hash: md5
      md5: fff6f1c5575c539392a3feccf2ec5c9e
      size: 1994
    params:
      params.yaml:
        random_forest.max_depth: 8
        random_forest.n_estimators: 250
    outs:
    - path: models/model.joblib
      hash: md5
      md5: 6b021ff19409aad8c0f0ecb558756f86
      size: 2517108
